<?xml version="1.0" encoding="utf-8"?>
<Project ToolsVersion="4.0" xmlns="http://schemas.microsoft.com/developer/msbuild/2003">
  <ItemGroup>
    <Filter Include="Source Files">
      <UniqueIdentifier>{4FC737F1-C7A5-4376-A066-2A32D752A2FF}</UniqueIdentifier>
      <Extensions>cpp;c;cc;cxx;c++;cppm;ixx;def;odl;idl;hpj;bat;asm;asmx</Extensions>
    </Filter>
    <Filter Include="Header Files">
      <UniqueIdentifier>{93995380-89BD-4b04-88EB-625FBE52EBFB}</UniqueIdentifier>
      <Extensions>h;hh;hpp;hxx;h++;hm;inl;inc;ipp;xsd</Extensions>
    </Filter>
    <Filter Include="Resource Files">
      <UniqueIdentifier>{67DA6AB6-F800-4c08-8B7A-83BB121AAD01}</UniqueIdentifier>
      <Extensions>rc;ico;cur;bmp;dlg;rc2;rct;bin;rgs;gif;jpg;jpeg;jpe;resx;tiff;tif;png;wav;mfcribbon-ms</Extensions>
    </Filter>
  </ItemGroup>
  <ItemGroup>
    <ClInclude Include="framework.h">
      <Filter>Header Files</Filter>
    </ClInclude>
    <ClInclude Include="targetver.h">
      <Filter>Header Files</Filter>
    </ClInclude>
    <ClInclude Include="Resource.h">
      <Filter>Header Files</Filter>
    </ClInclude>
    <ClInclude Include="HorribleAnimator.h">
      <Filter>Header Files</Filter>
    </ClInclude>
    <ClInclude Include="AnimationWindow.h">
      <Filter>Header Files</Filter>
    </ClInclude>
    <ClInclude Include="BaseWindow.h">
      <Filter>Header Files</Filter>
    </ClInclude>
    <ClInclude Include="Browser.h">
      <Filter>Header Files</Filter>
    </ClInclude>
    <ClInclude Include="DataObject.h">
      <Filter>Header Files</Filter>
    </ClInclude>
    <ClInclude Include="Dxstuff.h">
      <Filter>Header Files</Filter>
    </ClInclude>
    <ClInclude Include="FileLoader.h">
      <Filter>Header Files</Filter>
    </ClInclude>
    <ClInclude Include="Floater.h">
      <Filter>Header Files</Filter>
    </ClInclude>
    <ClInclude Include="GfxTools.h">
      <Filter>Header Files</Filter>
    </ClInclude>
    <ClInclude Include="ImageChanger.h">
      <Filter>Header Files</Filter>
    </ClInclude>
    <ClInclude Include="MainWindow.h">
      <Filter>Header Files</Filter>
    </ClInclude>
    <ClInclude Include="Menu.h">
      <Filter>Header Files</Filter>
    </ClInclude>
    <ClInclude Include="Message.h">
      <Filter>Header Files</Filter>
    </ClInclude>
    <ClInclude Include="ObjectWindow.h">
      <Filter>Header Files</Filter>
    </ClInclude>
    <ClInclude Include="Rotater.h">
      <Filter>Header Files</Filter>
    </ClInclude>
    <ClInclude Include="SoundStuff.h">
      <Filter>Header Files</Filter>
    </ClInclude>
    <ClInclude Include="TimeBar.h">
      <Filter>Header Files</Filter>
    </ClInclude>
    <ClInclude Include="cencoder.h">
      <Filter>Header Files</Filter>
    </ClInclude>
    <ClInclude Include="UndoClass.h">
      <Filter>Header Files</Filter>
    </ClInclude>
    <ClInclude Include="BMPLoader.h">
      <Filter>Header Files</Filter>
    </ClInclude>
  </ItemGroup>
  <ItemGroup>
    <ClCompile Include="HorribleAnimator.cpp">
      <Filter>Source Files</Filter>
    </ClCompile>
    <ClCompile Include="AnimationWindow.cpp">
      <Filter>Source Files</Filter>
    </ClCompile>
    <ClCompile Include="BaseWindow.cpp">
      <Filter>Source Files</Filter>
    </ClCompile>
    <ClCompile Include="Browser.cpp">
      <Filter>Source Files</Filter>
    </ClCompile>
    <ClCompile Include="DataObject.cpp">
      <Filter>Source Files</Filter>
    </ClCompile>
    <ClCompile Include="Dxstuff.cpp">
      <Filter>Source Files</Filter>
    </ClCompile>
    <ClCompile Include="FileLoader.cpp">
      <Filter>Source Files</Filter>
    </ClCompile>
    <ClCompile Include="Floater.cpp">
      <Filter>Source Files</Filter>
    </ClCompile>
    <ClCompile Include="GfxTools.cpp">
      <Filter>Source Files</Filter>
    </ClCompile>
    <ClCompile Include="ImageChanger.cpp">
      <Filter>Source Files</Filter>
    </ClCompile>
    <ClCompile Include="MainWindow.cpp">
      <Filter>Source Files</Filter>
    </ClCompile>
    <ClCompile Include="Menu.cpp">
      <Filter>Source Files</Filter>
    </ClCompile>
    <ClCompile Include="Message.cpp">
      <Filter>Source Files</Filter>
    </ClCompile>
    <ClCompile Include="ObjectWindow.cpp">
      <Filter>Source Files</Filter>
    </ClCompile>
    <ClCompile Include="Rotater.cpp">
      <Filter>Source Files</Filter>
    </ClCompile>
    <ClCompile Include="SoundStuff.cpp">
      <Filter>Source Files</Filter>
    </ClCompile>
    <ClCompile Include="TimeBar.cpp">
      <Filter>Source Files</Filter>
    </ClCompile>
    <ClCompile Include="cencoder.c">
      <Filter>Source Files</Filter>
    </ClCompile>
    <ClCompile Include="UndoClass.cpp">
      <Filter>Source Files</Filter>
    </ClCompile>
    <ClCompile Include="BMPLoader.cpp">
      <Filter>Source Files</Filter>
    </ClCompile>
  </ItemGroup>
  <ItemGroup>
    <ResourceCompile Include="HorribleAnimator.rc">
      <Filter>Resource Files</Filter>
    </ResourceCompile>
  </ItemGroup>
  <ItemGroup>
    <Image Include="small.ico">
      <Filter>Resource Files</Filter>
    </Image>
    <Image Include="HorribleAnimator.ico">
      <Filter>Resource Files</Filter>
    </Image>
  </ItemGroup>
</Project>